
Microsoft Visual Studio Solution File, Format Version 12.00
# Visual Studio 15
VisualStudioVersion = 15.0.27703.2035
MinimumVisualStudioVersion = 10.0.40219.1
Project("{FAE04EC0-301F-11D3-BF4B-00C04F79EFBC}") = "Pluto.BLL", "Pluto.BLL\Pluto.BLL.csproj", "{4577F4B0-9EC6-4F73-8DAB-F352ACC0E59B}"
EndProject
Project("{FAE04EC0-301F-11D3-BF4B-00C04F79EFBC}") = "Pluto.Web", "Pluto.Web\Pluto.Web.csproj", "{EE377815-C76E-4A78-A135-007A20F1946B}"
EndProject
Project("{FAE04EC0-301F-11D3-BF4B-00C04F79EFBC}") = "Pluto.Wpf", "Pluto.Wpf\Pluto.Wpf.csproj", "{931BB8DF-5BE2-460B-969B-D7EF38255E7E}"
EndProject
Global
	GlobalSection(SolutionConfigurationPlatforms) = preSolution
		Debug|Any CPU = Debug|Any CPU
		Release|Any CPU = Release|Any CPU
	EndGlobalSection
	GlobalSection(ProjectConfigurationPlatforms) = postSolution
		{4577F4B0-9EC6-4F73-8DAB-F352ACC0E59B}.Debug|Any CPU.ActiveCfg = Debug|Any CPU
		{4577F4B0-9EC6-4F73-8DAB-F352ACC0E59B}.Debug|Any CPU.Build.0 = Debug|Any CPU
		{4577F4B0-9EC6-4F73-8DAB-F352ACC0E59B}.Release|Any CPU.ActiveCfg = Release|Any CPU
		{4577F4B0-9EC6-4F73-8DAB-F352ACC0E59B}.Release|Any CPU.Build.0 = Release|Any CPU
		{EE377815-C76E-4A78-A135-007A20F1946B}.Debug|Any CPU.ActiveCfg = Debug|Any CPU
		{EE377815-C76E-4A78-A135-007A20F1946B}.Debug|Any CPU.Build.0 = Debug|Any CPU
		{EE377815-C76E-4A78-A135-007A20F1946B}.Release|Any CPU.ActiveCfg = Release|Any CPU
		{EE377815-C76E-4A78-A135-007A20F1946B}.Release|Any CPU.Build.0 = Release|Any CPU
		{931BB8DF-5BE2-460B-969B-D7EF38255E7E}.Debug|Any CPU.ActiveCfg = Debug|Any CPU
		{931BB8DF-5BE2-460B-969B-D7EF38255E7E}.Debug|Any CPU.Build.0 = Debug|Any CPU
		{931BB8DF-5BE2-460B-969B-D7EF38255E7E}.Release|Any CPU.ActiveCfg = Release|Any CPU
		{931BB8DF-5BE2-460B-969B-D7EF38255E7E}.Release|Any CPU.Build.0 = Release|Any CPU
	EndGlobalSection
	GlobalSection(SolutionProperties) = preSolution
		HideSolutionNode = FALSE
	EndGlobalSection
	GlobalSection(ExtensibilityGlobals) = postSolution
		EnterpriseLibraryConfigurationToolBinariesPath = packages\Unity.2.1.505.0\lib\NET35
		SolutionGuid = {7473D730-83CF-4BBD-A3F9-4AAB5278347C}
	EndGlobalSection
EndGlobal
